{
  "lib/aqua": {
    "tag": {
      "name": "v1.0.0",
      "rev": "81c26e4619ce21556ab02b3284ee2685de21fb18"
    }
  },
  "lib/openzeppelin-contracts": {
    "tag": {
      "name": "v5.4.0",
      "rev": "c64a1edb67b6e3f4a15cca8909c9482ad33a02b0"
    }
  },
  "lib/solidity-utils": {
    "tag": {
      "name": "6.9.7",
      "rev": "29043f22422fde454951e9733129cce5d67e6a39"
    }
  },
  "lib/swap-vm": {
    "tag": {
      "name": "v1.0.1",
      "rev": "b6e4f97139e89437772881208bbc8538b0567748"
    }
  }
}